
Microsoft Visual Studio Solution File, Format Version 12.00
Project("{2150E333-8FDC-42A3-9474-1A3956D46DE8}") = "src", "src", "{330FC3AB-1510-433F-9CAB-1B37559971B4}"
EndProject
Project("{2150E333-8FDC-42A3-9474-1A3956D46DE8}") = "Api", "Api", "{687D37D2-F4B5-416A-B83A-3B006374E8AE}"
EndProject
Project("{2150E333-8FDC-42A3-9474-1A3956D46DE8}") = "Core", "Core", "{79ADFDD9-A125-4D18-80A8-6C1A3921D97A}"
EndProject
Project("{2150E333-8FDC-42A3-9474-1A3956D46DE8}") = "Infrastructure", "Infrastructure", "{2559BC18-329B-45BE-9508-F57B850251A0}"
EndProject
Project("{2150E333-8FDC-42A3-9474-1A3956D46DE8}") = "Test", "Test", "{55620AF1-658C-45D5-B85E-41492FEC98FD}"
EndProject
Project("{FAE04EC0-301F-11D3-BF4B-00C04F79EFBC}") = "BeliVGames.ApiPlayer.Domain", "BeliVGames.ApiPlayer.Domain\BeliVGames.ApiPlayer.Domain.csproj", "{522C1652-6D10-4C44-942A-5F5E146CD8A0}"
EndProject
Project("{FAE04EC0-301F-11D3-BF4B-00C04F79EFBC}") = "BeliVGames.ApiPlayer.Application", "BeliVGames.ApiPlayer.Application\BeliVGames.ApiPlayer.Application.csproj", "{34D2315A-9E92-4FAC-9C19-4803167B0DB2}"
EndProject
Project("{2150E333-8FDC-42A3-9474-1A3956D46DE8}") = "UI", "UI", "{63990EAB-42FC-42EC-8C49-34CD0EFAD69D}"
EndProject
Project("{FAE04EC0-301F-11D3-BF4B-00C04F79EFBC}") = "BeliVGames.ApiPlayer.Persistence", "BeliVGames.ApiPlayer.Persistence\BeliVGames.ApiPlayer.Persistence.csproj", "{36695B00-7238-48F9-975E-BAD4CDF4E4D5}"
EndProject
Project("{FAE04EC0-301F-11D3-BF4B-00C04F79EFBC}") = "BeliVGames.ApiPlayer.Infrastructure", "BeliVGames.ApiPlayer.Infrastructure\BeliVGames.ApiPlayer.Infrastructure.csproj", "{216C1C06-55A8-49C5-B029-66D6CC8AFFD2}"
EndProject
Project("{FAE04EC0-301F-11D3-BF4B-00C04F79EFBC}") = "BeliVGames.ApiPlayer.Api", "BeliVGames.ApiPlayer.Api\BeliVGames.ApiPlayer.Api.csproj", "{CA3CA11C-19C0-48E4-BD8C-E518A783A733}"
EndProject
Global
	GlobalSection(SolutionConfigurationPlatforms) = preSolution
		Debug|Any CPU = Debug|Any CPU
		Release|Any CPU = Release|Any CPU
	EndGlobalSection
	GlobalSection(ProjectConfigurationPlatforms) = postSolution
		{522C1652-6D10-4C44-942A-5F5E146CD8A0}.Debug|Any CPU.ActiveCfg = Debug|Any CPU
		{522C1652-6D10-4C44-942A-5F5E146CD8A0}.Debug|Any CPU.Build.0 = Debug|Any CPU
		{522C1652-6D10-4C44-942A-5F5E146CD8A0}.Release|Any CPU.ActiveCfg = Release|Any CPU
		{522C1652-6D10-4C44-942A-5F5E146CD8A0}.Release|Any CPU.Build.0 = Release|Any CPU
		{34D2315A-9E92-4FAC-9C19-4803167B0DB2}.Debug|Any CPU.ActiveCfg = Debug|Any CPU
		{34D2315A-9E92-4FAC-9C19-4803167B0DB2}.Debug|Any CPU.Build.0 = Debug|Any CPU
		{34D2315A-9E92-4FAC-9C19-4803167B0DB2}.Release|Any CPU.ActiveCfg = Release|Any CPU
		{34D2315A-9E92-4FAC-9C19-4803167B0DB2}.Release|Any CPU.Build.0 = Release|Any CPU
		{36695B00-7238-48F9-975E-BAD4CDF4E4D5}.Debug|Any CPU.ActiveCfg = Debug|Any CPU
		{36695B00-7238-48F9-975E-BAD4CDF4E4D5}.Debug|Any CPU.Build.0 = Debug|Any CPU
		{36695B00-7238-48F9-975E-BAD4CDF4E4D5}.Release|Any CPU.ActiveCfg = Release|Any CPU
		{36695B00-7238-48F9-975E-BAD4CDF4E4D5}.Release|Any CPU.Build.0 = Release|Any CPU
		{216C1C06-55A8-49C5-B029-66D6CC8AFFD2}.Debug|Any CPU.ActiveCfg = Debug|Any CPU
		{216C1C06-55A8-49C5-B029-66D6CC8AFFD2}.Debug|Any CPU.Build.0 = Debug|Any CPU
		{216C1C06-55A8-49C5-B029-66D6CC8AFFD2}.Release|Any CPU.ActiveCfg = Release|Any CPU
		{216C1C06-55A8-49C5-B029-66D6CC8AFFD2}.Release|Any CPU.Build.0 = Release|Any CPU
		{CA3CA11C-19C0-48E4-BD8C-E518A783A733}.Debug|Any CPU.ActiveCfg = Debug|Any CPU
		{CA3CA11C-19C0-48E4-BD8C-E518A783A733}.Debug|Any CPU.Build.0 = Debug|Any CPU
		{CA3CA11C-19C0-48E4-BD8C-E518A783A733}.Release|Any CPU.ActiveCfg = Release|Any CPU
		{CA3CA11C-19C0-48E4-BD8C-E518A783A733}.Release|Any CPU.Build.0 = Release|Any CPU
	EndGlobalSection
	GlobalSection(NestedProjects) = preSolution
		{687D37D2-F4B5-416A-B83A-3B006374E8AE} = {330FC3AB-1510-433F-9CAB-1B37559971B4}
		{79ADFDD9-A125-4D18-80A8-6C1A3921D97A} = {330FC3AB-1510-433F-9CAB-1B37559971B4}
		{2559BC18-329B-45BE-9508-F57B850251A0} = {330FC3AB-1510-433F-9CAB-1B37559971B4}
		{522C1652-6D10-4C44-942A-5F5E146CD8A0} = {79ADFDD9-A125-4D18-80A8-6C1A3921D97A}
		{34D2315A-9E92-4FAC-9C19-4803167B0DB2} = {79ADFDD9-A125-4D18-80A8-6C1A3921D97A}
		{63990EAB-42FC-42EC-8C49-34CD0EFAD69D} = {330FC3AB-1510-433F-9CAB-1B37559971B4}
		{36695B00-7238-48F9-975E-BAD4CDF4E4D5} = {2559BC18-329B-45BE-9508-F57B850251A0}
		{216C1C06-55A8-49C5-B029-66D6CC8AFFD2} = {2559BC18-329B-45BE-9508-F57B850251A0}
		{CA3CA11C-19C0-48E4-BD8C-E518A783A733} = {687D37D2-F4B5-416A-B83A-3B006374E8AE}
	EndGlobalSection
EndGlobal
